{
  "name": "shop-wxapp",
  "version": "1.0.0",
  "lockfileVersion": 1,
  "requires": true,
  "dependencies": {
    "@tarojs/async-await": {
      "version": "2.0.7",
      "resolved": "https://registry.npm.taobao.org/@tarojs/async-await/download/@tarojs/async-await-2.0.7.tgz?cache=0&sync_timestamp=1584349207313&other_urls=https%3A%2F%2Fregistry.npm.taobao.org%2F%40tarojs%2Fasync-await%2Fdownload%2F%40tarojs%2Fasync-await-2.0.7.tgz",
      "integrity": "sha1-QPUUA5czWqvoWM65sbRJ8t6oY2Y=",
      "requires": {
        "promise-polyfill": "^7.1.2",
        "regenerator-runtime": "^0.11.1"
      }
    },
    "promise-polyfill": {
      "version": "7.1.2",
      "resolved": "https://registry.npm.taobao.org/promise-polyfill/download/promise-polyfill-7.1.2.tgz",
      "integrity": "sha1-qwUwHYwoU2MBYi1pInYyJppwyjs="
    },
    "regenerator-runtime": {
      "version": "0.11.1",
      "resolved": "https://registry.npm.taobao.org/regenerator-runtime/download/regenerator-runtime-0.11.1.tgz?cache=0&sync_timestamp=1584052597708&other_urls=https%3A%2F%2Fregistry.npm.taobao.org%2Fregenerator-runtime%2Fdownload%2Fregenerator-runtime-0.11.1.tgz",
      "integrity": "sha1-vgWtf5v30i4Fb5cmzuUBf78Z4uk="
    }
  }
}
